
Microsoft Visual Studio Solution File, Format Version 12.00
# Visual Studio 15
VisualStudioVersion = 15.0.27004.2005
MinimumVisualStudioVersion = 10.0.40219.1
Project("{2150E333-8FDC-42A3-9474-1A3956D46DE8}") = "MultiThreading", "MultiThreading", "{3A3318E8-C16E-45F1-8947-5A6B42078DCD}"
EndProject
Project("{FAE04EC0-301F-11D3-BF4B-00C04F79EFBC}") = "TaskAsync1", "TaskAsync1\TaskAsync1.csproj", "{FBA3CAC6-D888-4454-BCDD-FED1D61843CE}"
EndProject
Project("{FAE04EC0-301F-11D3-BF4B-00C04F79EFBC}") = "TaskAsync2", "TaskAsync2\TaskAsync2.csproj", "{6DB94049-57B3-4780-BBA6-19CA7A37F083}"
EndProject
Project("{FAE04EC0-301F-11D3-BF4B-00C04F79EFBC}") = "TaskMulth1", "TaskMulth1\TaskMulth1.csproj", "{EF2F74C6-9868-470D-A76F-B76782056BB0}"
EndProject
Project("{FAE04EC0-301F-11D3-BF4B-00C04F79EFBC}") = "TaskMulth2", "TaskMulth2\TaskMulth2.csproj", "{E15BA103-331A-473C-9564-747B84498FD9}"
EndProject
Project("{FAE04EC0-301F-11D3-BF4B-00C04F79EFBC}") = "TaskMulth3", "TaskMulth3\TaskMulth3.csproj", "{F39FB87B-083B-443C-9C52-2F8AAEE076F3}"
EndProject
Project("{FAE04EC0-301F-11D3-BF4B-00C04F79EFBC}") = "TaskMulth4", "TaskMulth4\TaskMulth4.csproj", "{6C2F670F-290F-4C1E-A52E-DD45D9F0A245}"
EndProject
Project("{FAE04EC0-301F-11D3-BF4B-00C04F79EFBC}") = "TaskMulth5", "TaskMulth5\TaskMulth5.csproj", "{6F3F1A8C-00C7-4E9F-A601-4612FE90559A}"
EndProject
Project("{FAE04EC0-301F-11D3-BF4B-00C04F79EFBC}") = "TaskMulth6", "TaskMulth6\TaskMulth6.csproj", "{D56977EE-D9C4-424F-AF5E-47D6C116D7D7}"
EndProject
Project("{FAE04EC0-301F-11D3-BF4B-00C04F79EFBC}") = "TaskMulth7", "TaskMulth7\TaskMulth7.csproj", "{B4790229-1A36-4DB0-A6B1-6A7917D6A6AC}"
EndProject
Global
	GlobalSection(SolutionConfigurationPlatforms) = preSolution
		Debug|Any CPU = Debug|Any CPU
		Release|Any CPU = Release|Any CPU
	EndGlobalSection
	GlobalSection(ProjectConfigurationPlatforms) = postSolution
		{FBA3CAC6-D888-4454-BCDD-FED1D61843CE}.Debug|Any CPU.ActiveCfg = Debug|Any CPU
		{FBA3CAC6-D888-4454-BCDD-FED1D61843CE}.Debug|Any CPU.Build.0 = Debug|Any CPU
		{FBA3CAC6-D888-4454-BCDD-FED1D61843CE}.Release|Any CPU.ActiveCfg = Release|Any CPU
		{FBA3CAC6-D888-4454-BCDD-FED1D61843CE}.Release|Any CPU.Build.0 = Release|Any CPU
		{6DB94049-57B3-4780-BBA6-19CA7A37F083}.Debug|Any CPU.ActiveCfg = Debug|Any CPU
		{6DB94049-57B3-4780-BBA6-19CA7A37F083}.Debug|Any CPU.Build.0 = Debug|Any CPU
		{6DB94049-57B3-4780-BBA6-19CA7A37F083}.Release|Any CPU.ActiveCfg = Release|Any CPU
		{6DB94049-57B3-4780-BBA6-19CA7A37F083}.Release|Any CPU.Build.0 = Release|Any CPU
		{EF2F74C6-9868-470D-A76F-B76782056BB0}.Debug|Any CPU.ActiveCfg = Debug|Any CPU
		{EF2F74C6-9868-470D-A76F-B76782056BB0}.Debug|Any CPU.Build.0 = Debug|Any CPU
		{EF2F74C6-9868-470D-A76F-B76782056BB0}.Release|Any CPU.ActiveCfg = Release|Any CPU
		{EF2F74C6-9868-470D-A76F-B76782056BB0}.Release|Any CPU.Build.0 = Release|Any CPU
		{E15BA103-331A-473C-9564-747B84498FD9}.Debug|Any CPU.ActiveCfg = Debug|Any CPU
		{E15BA103-331A-473C-9564-747B84498FD9}.Debug|Any CPU.Build.0 = Debug|Any CPU
		{E15BA103-331A-473C-9564-747B84498FD9}.Release|Any CPU.ActiveCfg = Release|Any CPU
		{E15BA103-331A-473C-9564-747B84498FD9}.Release|Any CPU.Build.0 = Release|Any CPU
		{F39FB87B-083B-443C-9C52-2F8AAEE076F3}.Debug|Any CPU.ActiveCfg = Debug|Any CPU
		{F39FB87B-083B-443C-9C52-2F8AAEE076F3}.Debug|Any CPU.Build.0 = Debug|Any CPU
		{F39FB87B-083B-443C-9C52-2F8AAEE076F3}.Release|Any CPU.ActiveCfg = Release|Any CPU
		{F39FB87B-083B-443C-9C52-2F8AAEE076F3}.Release|Any CPU.Build.0 = Release|Any CPU
		{6C2F670F-290F-4C1E-A52E-DD45D9F0A245}.Debug|Any CPU.ActiveCfg = Debug|Any CPU
		{6C2F670F-290F-4C1E-A52E-DD45D9F0A245}.Debug|Any CPU.Build.0 = Debug|Any CPU
		{6C2F670F-290F-4C1E-A52E-DD45D9F0A245}.Release|Any CPU.ActiveCfg = Release|Any CPU
		{6C2F670F-290F-4C1E-A52E-DD45D9F0A245}.Release|Any CPU.Build.0 = Release|Any CPU
		{6F3F1A8C-00C7-4E9F-A601-4612FE90559A}.Debug|Any CPU.ActiveCfg = Debug|Any CPU
		{6F3F1A8C-00C7-4E9F-A601-4612FE90559A}.Debug|Any CPU.Build.0 = Debug|Any CPU
		{6F3F1A8C-00C7-4E9F-A601-4612FE90559A}.Release|Any CPU.ActiveCfg = Release|Any CPU
		{6F3F1A8C-00C7-4E9F-A601-4612FE90559A}.Release|Any CPU.Build.0 = Release|Any CPU
		{D56977EE-D9C4-424F-AF5E-47D6C116D7D7}.Debug|Any CPU.ActiveCfg = Debug|Any CPU
		{D56977EE-D9C4-424F-AF5E-47D6C116D7D7}.Debug|Any CPU.Build.0 = Debug|Any CPU
		{D56977EE-D9C4-424F-AF5E-47D6C116D7D7}.Release|Any CPU.ActiveCfg = Release|Any CPU
		{D56977EE-D9C4-424F-AF5E-47D6C116D7D7}.Release|Any CPU.Build.0 = Release|Any CPU
		{B4790229-1A36-4DB0-A6B1-6A7917D6A6AC}.Debug|Any CPU.ActiveCfg = Debug|Any CPU
		{B4790229-1A36-4DB0-A6B1-6A7917D6A6AC}.Debug|Any CPU.Build.0 = Debug|Any CPU
		{B4790229-1A36-4DB0-A6B1-6A7917D6A6AC}.Release|Any CPU.ActiveCfg = Release|Any CPU
		{B4790229-1A36-4DB0-A6B1-6A7917D6A6AC}.Release|Any CPU.Build.0 = Release|Any CPU
	EndGlobalSection
	GlobalSection(SolutionProperties) = preSolution
		HideSolutionNode = FALSE
	EndGlobalSection
	GlobalSection(NestedProjects) = preSolution
		{FBA3CAC6-D888-4454-BCDD-FED1D61843CE} = {3A3318E8-C16E-45F1-8947-5A6B42078DCD}
		{6DB94049-57B3-4780-BBA6-19CA7A37F083} = {3A3318E8-C16E-45F1-8947-5A6B42078DCD}
		{EF2F74C6-9868-470D-A76F-B76782056BB0} = {3A3318E8-C16E-45F1-8947-5A6B42078DCD}
		{E15BA103-331A-473C-9564-747B84498FD9} = {3A3318E8-C16E-45F1-8947-5A6B42078DCD}
		{F39FB87B-083B-443C-9C52-2F8AAEE076F3} = {3A3318E8-C16E-45F1-8947-5A6B42078DCD}
		{6C2F670F-290F-4C1E-A52E-DD45D9F0A245} = {3A3318E8-C16E-45F1-8947-5A6B42078DCD}
		{6F3F1A8C-00C7-4E9F-A601-4612FE90559A} = {3A3318E8-C16E-45F1-8947-5A6B42078DCD}
		{D56977EE-D9C4-424F-AF5E-47D6C116D7D7} = {3A3318E8-C16E-45F1-8947-5A6B42078DCD}
		{B4790229-1A36-4DB0-A6B1-6A7917D6A6AC} = {3A3318E8-C16E-45F1-8947-5A6B42078DCD}
	EndGlobalSection
	GlobalSection(ExtensibilityGlobals) = postSolution
		SolutionGuid = {98DB8DAD-EE28-4FB0-B009-3AE48C5A3E3E}
	EndGlobalSection
EndGlobal
